<?xml version="1.0" encoding="UTF-8" standalone="yes" ?>
<CodeBlocks_project_file>
   <FileVersion major="1" minor="6" />
   <Project>
      <Option title="ponyprog" />
      <Option makefile_is_custom="1" />
      <Option compiler="gcc" />
      <Option virtualFolders="CMake Files\;CMake Files\cmake\;CMake Files\SrcPony\;CMake Files\qhexedit2\;CMake Files\qhexedit2\src\;CMake Files\distribution\;CMake Files\distribution\posix\;" />
      <Build>
      <Target title="all">
         <Option working_dir="/home/lancos/Projects/ponyprog" />
         <Option type="4" />
         <MakeCommands>
            <Build command="/usr/bin/make -f &quot;/home/lancos/Projects/ponyprog/Makefile&quot;  VERBOSE=1 all" />
            <CompileFile command="/usr/bin/make -f &quot;/home/lancos/Projects/ponyprog/Makefile&quot;  VERBOSE=1 &quot;$file&quot;" />
            <Clean command="/usr/bin/make -f &quot;/home/lancos/Projects/ponyprog/Makefile&quot;  VERBOSE=1 clean" />
            <DistClean command="/usr/bin/make -f &quot;/home/lancos/Projects/ponyprog/Makefile&quot;  VERBOSE=1 clean" />
         </MakeCommands>
      </Target>
      <Target title="edit_cache">
         <Option working_dir="/home/lancos/Projects/ponyprog" />
         <Option type="4" />
         <MakeCommands>
            <Build command="/usr/bin/make -f &quot;/home/lancos/Projects/ponyprog/Makefile&quot;  VERBOSE=1 edit_cache" />
            <CompileFile command="/usr/bin/make -f &quot;/home/lancos/Projects/ponyprog/Makefile&quot;  VERBOSE=1 &quot;$file&quot;" />
            <Clean command="/usr/bin/make -f &quot;/home/lancos/Projects/ponyprog/Makefile&quot;  VERBOSE=1 clean" />
            <DistClean command="/usr/bin/make -f &quot;/home/lancos/Projects/ponyprog/Makefile&quot;  VERBOSE=1 clean" />
         </MakeCommands>
      </Target>
      <Target title="package_source">
         <Option working_dir="/home/lancos/Projects/ponyprog" />
         <Option type="4" />
         <MakeCommands>
            <Build command="/usr/bin/make -f &quot;/home/lancos/Projects/ponyprog/Makefile&quot;  VERBOSE=1 package_source" />
            <CompileFile command="/usr/bin/make -f &quot;/home/lancos/Projects/ponyprog/Makefile&quot;  VERBOSE=1 &quot;$file&quot;" />
            <Clean command="/usr/bin/make -f &quot;/home/lancos/Projects/ponyprog/Makefile&quot;  VERBOSE=1 clean" />
            <DistClean command="/usr/bin/make -f &quot;/home/lancos/Projects/ponyprog/Makefile&quot;  VERBOSE=1 clean" />
         </MakeCommands>
      </Target>
      <Target title="rebuild_cache">
         <Option working_dir="/home/lancos/Projects/ponyprog" />
         <Option type="4" />
         <MakeCommands>
            <Build command="/usr/bin/make -f &quot;/home/lancos/Projects/ponyprog/Makefile&quot;  VERBOSE=1 rebuild_cache" />
            <CompileFile command="/usr/bin/make -f &quot;/home/lancos/Projects/ponyprog/Makefile&quot;  VERBOSE=1 &quot;$file&quot;" />
            <Clean command="/usr/bin/make -f &quot;/home/lancos/Projects/ponyprog/Makefile&quot;  VERBOSE=1 clean" />
            <DistClean command="/usr/bin/make -f &quot;/home/lancos/Projects/ponyprog/Makefile&quot;  VERBOSE=1 clean" />
         </MakeCommands>
      </Target>
      <Target title="package">
         <Option working_dir="/home/lancos/Projects/ponyprog" />
         <Option type="4" />
         <MakeCommands>
            <Build command="/usr/bin/make -f &quot;/home/lancos/Projects/ponyprog/Makefile&quot;  VERBOSE=1 package" />
            <CompileFile command="/usr/bin/make -f &quot;/home/lancos/Projects/ponyprog/Makefile&quot;  VERBOSE=1 &quot;$file&quot;" />
            <Clean command="/usr/bin/make -f &quot;/home/lancos/Projects/ponyprog/Makefile&quot;  VERBOSE=1 clean" />
            <DistClean command="/usr/bin/make -f &quot;/home/lancos/Projects/ponyprog/Makefile&quot;  VERBOSE=1 clean" />
         </MakeCommands>
      </Target>
      <Target title="list_install_components">
         <Option working_dir="/home/lancos/Projects/ponyprog" />
         <Option type="4" />
         <MakeCommands>
            <Build command="/usr/bin/make -f &quot;/home/lancos/Projects/ponyprog/Makefile&quot;  VERBOSE=1 list_install_components" />
            <CompileFile command="/usr/bin/make -f &quot;/home/lancos/Projects/ponyprog/Makefile&quot;  VERBOSE=1 &quot;$file&quot;" />
            <Clean command="/usr/bin/make -f &quot;/home/lancos/Projects/ponyprog/Makefile&quot;  VERBOSE=1 clean" />
            <DistClean command="/usr/bin/make -f &quot;/home/lancos/Projects/ponyprog/Makefile&quot;  VERBOSE=1 clean" />
         </MakeCommands>
      </Target>
      <Target title="install">
         <Option working_dir="/home/lancos/Projects/ponyprog" />
         <Option type="4" />
         <MakeCommands>
            <Build command="/usr/bin/make -f &quot;/home/lancos/Projects/ponyprog/Makefile&quot;  VERBOSE=1 install" />
            <CompileFile command="/usr/bin/make -f &quot;/home/lancos/Projects/ponyprog/Makefile&quot;  VERBOSE=1 &quot;$file&quot;" />
            <Clean command="/usr/bin/make -f &quot;/home/lancos/Projects/ponyprog/Makefile&quot;  VERBOSE=1 clean" />
            <DistClean command="/usr/bin/make -f &quot;/home/lancos/Projects/ponyprog/Makefile&quot;  VERBOSE=1 clean" />
         </MakeCommands>
      </Target>
      <Target title="ponyprog">
         <Option output="/home/lancos/Projects/ponyprog/ponyprog" prefix_auto="0" extension_auto="0" />
         <Option working_dir="/bin" />
         <Option object_output="./" />
         <Option type="1" />
         <Option compiler="gcc" />
         <Compiler>
            <Add option="-DQT_NO_DEBUG" />
            <Add option="-DQT_GUI_LIB" />
            <Add option="-DQT_CORE_LIB" />
            <Add option="-DQT_PROJECT" />
            <Add option="-DNO_QT3SUPPORT" />
            <Add option="-DDISABLE_QT3SUPPORT" />
            <Add directory="/home/lancos/Projects/ponyprog" />
            <Add directory="/home/lancos/Projects/ponyprog/$(CMAKE_CURRENT_SOURCE_DIR)/SrcPony" />
            <Add directory="/home/lancos/Projects/ponyprog/$(CMAKE_CURRENT_SOURCE_DIR)/qhexedit2/src" />
            <Add directory="/usr/include/qt4" />
            <Add directory="/usr/include/qt4/Qt3Support" />
            <Add directory="/usr/include/qt4/QtCore" />
            <Add directory="/usr/include/qt4/QtDBus" />
            <Add directory="/usr/include/qt4/QtDeclarative" />
            <Add directory="/usr/include/qt4/QtDesigner" />
            <Add directory="/usr/include/qt4/QtGui" />
            <Add directory="/usr/include/qt4/QtHelp" />
            <Add directory="/usr/include/qt4/QtNetwork" />
            <Add directory="/usr/include/qt4/QtOpenGL" />
            <Add directory="/usr/include/qt4/QtScript" />
            <Add directory="/usr/include/qt4/QtScriptTools" />
            <Add directory="/usr/include/qt4/QtSql" />
            <Add directory="/usr/include/qt4/QtSvg" />
            <Add directory="/usr/include/qt4/QtTest" />
            <Add directory="/usr/include/qt4/QtUiTools" />
            <Add directory="/usr/include/qt4/QtXml" />
            <Add directory="/usr/include/qt4/QtXmlPatterns" />
            <Add directory="/usr/include/qt4/phonon" />
            <Add directory="/usr/share/qt4/mkspecs/default" />
         </Compiler>
         <MakeCommands>
            <Build command="/usr/bin/make -f &quot;/home/lancos/Projects/ponyprog/Makefile&quot;  VERBOSE=1 ponyprog" />
            <CompileFile command="/usr/bin/make -f &quot;/home/lancos/Projects/ponyprog/Makefile&quot;  VERBOSE=1 &quot;$file&quot;" />
            <Clean command="/usr/bin/make -f &quot;/home/lancos/Projects/ponyprog/Makefile&quot;  VERBOSE=1 clean" />
            <DistClean command="/usr/bin/make -f &quot;/home/lancos/Projects/ponyprog/Makefile&quot;  VERBOSE=1 clean" />
         </MakeCommands>
      </Target>
      <Target title="ponyprog/fast">
         <Option output="/home/lancos/Projects/ponyprog/ponyprog" prefix_auto="0" extension_auto="0" />
         <Option working_dir="/bin" />
         <Option object_output="./" />
         <Option type="1" />
         <Option compiler="gcc" />
         <Compiler>
            <Add option="-DQT_NO_DEBUG" />
            <Add option="-DQT_GUI_LIB" />
            <Add option="-DQT_CORE_LIB" />
            <Add option="-DQT_PROJECT" />
            <Add option="-DNO_QT3SUPPORT" />
            <Add option="-DDISABLE_QT3SUPPORT" />
            <Add directory="/home/lancos/Projects/ponyprog" />
            <Add directory="/home/lancos/Projects/ponyprog/$(CMAKE_CURRENT_SOURCE_DIR)/SrcPony" />
            <Add directory="/home/lancos/Projects/ponyprog/$(CMAKE_CURRENT_SOURCE_DIR)/qhexedit2/src" />
            <Add directory="/usr/include/qt4" />
            <Add directory="/usr/include/qt4/Qt3Support" />
            <Add directory="/usr/include/qt4/QtCore" />
            <Add directory="/usr/include/qt4/QtDBus" />
            <Add directory="/usr/include/qt4/QtDeclarative" />
            <Add directory="/usr/include/qt4/QtDesigner" />
            <Add directory="/usr/include/qt4/QtGui" />
            <Add directory="/usr/include/qt4/QtHelp" />
            <Add directory="/usr/include/qt4/QtNetwork" />
            <Add directory="/usr/include/qt4/QtOpenGL" />
            <Add directory="/usr/include/qt4/QtScript" />
            <Add directory="/usr/include/qt4/QtScriptTools" />
            <Add directory="/usr/include/qt4/QtSql" />
            <Add directory="/usr/include/qt4/QtSvg" />
            <Add directory="/usr/include/qt4/QtTest" />
            <Add directory="/usr/include/qt4/QtUiTools" />
            <Add directory="/usr/include/qt4/QtXml" />
            <Add directory="/usr/include/qt4/QtXmlPatterns" />
            <Add directory="/usr/include/qt4/phonon" />
            <Add directory="/usr/share/qt4/mkspecs/default" />
         </Compiler>
         <MakeCommands>
            <Build command="/usr/bin/make -f &quot;/home/lancos/Projects/ponyprog/Makefile&quot;  VERBOSE=1 ponyprog/fast" />
            <CompileFile command="/usr/bin/make -f &quot;/home/lancos/Projects/ponyprog/Makefile&quot;  VERBOSE=1 &quot;$file&quot;" />
            <Clean command="/usr/bin/make -f &quot;/home/lancos/Projects/ponyprog/Makefile&quot;  VERBOSE=1 clean" />
            <DistClean command="/usr/bin/make -f &quot;/home/lancos/Projects/ponyprog/Makefile&quot;  VERBOSE=1 clean" />
         </MakeCommands>
      </Target>
      <Target title="tags">
         <Option working_dir="/home/lancos/Projects/ponyprog" />
         <Option type="4" />
         <MakeCommands>
            <Build command="/usr/bin/make -f &quot;/home/lancos/Projects/ponyprog/Makefile&quot;  VERBOSE=1 tags" />
            <CompileFile command="/usr/bin/make -f &quot;/home/lancos/Projects/ponyprog/Makefile&quot;  VERBOSE=1 &quot;$file&quot;" />
            <Clean command="/usr/bin/make -f &quot;/home/lancos/Projects/ponyprog/Makefile&quot;  VERBOSE=1 clean" />
            <DistClean command="/usr/bin/make -f &quot;/home/lancos/Projects/ponyprog/Makefile&quot;  VERBOSE=1 clean" />
         </MakeCommands>
      </Target>
      <Target title="install/local">
         <Option working_dir="/home/lancos/Projects/ponyprog" />
         <Option type="4" />
         <MakeCommands>
            <Build command="/usr/bin/make -f &quot;/home/lancos/Projects/ponyprog/Makefile&quot;  VERBOSE=1 install/local" />
            <CompileFile command="/usr/bin/make -f &quot;/home/lancos/Projects/ponyprog/Makefile&quot;  VERBOSE=1 &quot;$file&quot;" />
            <Clean command="/usr/bin/make -f &quot;/home/lancos/Projects/ponyprog/Makefile&quot;  VERBOSE=1 clean" />
            <DistClean command="/usr/bin/make -f &quot;/home/lancos/Projects/ponyprog/Makefile&quot;  VERBOSE=1 clean" />
         </MakeCommands>
      </Target>
      <Target title="install/strip">
         <Option working_dir="/home/lancos/Projects/ponyprog" />
         <Option type="4" />
         <MakeCommands>
            <Build command="/usr/bin/make -f &quot;/home/lancos/Projects/ponyprog/Makefile&quot;  VERBOSE=1 install/strip" />
            <CompileFile command="/usr/bin/make -f &quot;/home/lancos/Projects/ponyprog/Makefile&quot;  VERBOSE=1 &quot;$file&quot;" />
            <Clean command="/usr/bin/make -f &quot;/home/lancos/Projects/ponyprog/Makefile&quot;  VERBOSE=1 clean" />
            <DistClean command="/usr/bin/make -f &quot;/home/lancos/Projects/ponyprog/Makefile&quot;  VERBOSE=1 clean" />
         </MakeCommands>
      </Target>
      <Target title="package-binary-tbz2">
         <Option working_dir="/home/lancos/Projects/ponyprog/distribution/posix" />
         <Option type="4" />
         <MakeCommands>
            <Build command="/usr/bin/make -f &quot;/home/lancos/Projects/ponyprog/distribution/posix/Makefile&quot;  VERBOSE=1 package-binary-tbz2" />
            <CompileFile command="/usr/bin/make -f &quot;/home/lancos/Projects/ponyprog/distribution/posix/Makefile&quot;  VERBOSE=1 &quot;$file&quot;" />
            <Clean command="/usr/bin/make -f &quot;/home/lancos/Projects/ponyprog/distribution/posix/Makefile&quot;  VERBOSE=1 clean" />
            <DistClean command="/usr/bin/make -f &quot;/home/lancos/Projects/ponyprog/distribution/posix/Makefile&quot;  VERBOSE=1 clean" />
         </MakeCommands>
      </Target>
      <Target title="package-binary-deb">
         <Option working_dir="/home/lancos/Projects/ponyprog/distribution/posix" />
         <Option type="4" />
         <MakeCommands>
            <Build command="/usr/bin/make -f &quot;/home/lancos/Projects/ponyprog/distribution/posix/Makefile&quot;  VERBOSE=1 package-binary-deb" />
            <CompileFile command="/usr/bin/make -f &quot;/home/lancos/Projects/ponyprog/distribution/posix/Makefile&quot;  VERBOSE=1 &quot;$file&quot;" />
            <Clean command="/usr/bin/make -f &quot;/home/lancos/Projects/ponyprog/distribution/posix/Makefile&quot;  VERBOSE=1 clean" />
            <DistClean command="/usr/bin/make -f &quot;/home/lancos/Projects/ponyprog/distribution/posix/Makefile&quot;  VERBOSE=1 clean" />
         </MakeCommands>
      </Target>
      <Target title="package-binary-stgz">
         <Option working_dir="/home/lancos/Projects/ponyprog/distribution/posix" />
         <Option type="4" />
         <MakeCommands>
            <Build command="/usr/bin/make -f &quot;/home/lancos/Projects/ponyprog/distribution/posix/Makefile&quot;  VERBOSE=1 package-binary-stgz" />
            <CompileFile command="/usr/bin/make -f &quot;/home/lancos/Projects/ponyprog/distribution/posix/Makefile&quot;  VERBOSE=1 &quot;$file&quot;" />
            <Clean command="/usr/bin/make -f &quot;/home/lancos/Projects/ponyprog/distribution/posix/Makefile&quot;  VERBOSE=1 clean" />
            <DistClean command="/usr/bin/make -f &quot;/home/lancos/Projects/ponyprog/distribution/posix/Makefile&quot;  VERBOSE=1 clean" />
         </MakeCommands>
      </Target>
      <Target title="package-binary-rpm">
         <Option working_dir="/home/lancos/Projects/ponyprog/distribution/posix" />
         <Option type="4" />
         <MakeCommands>
            <Build command="/usr/bin/make -f &quot;/home/lancos/Projects/ponyprog/distribution/posix/Makefile&quot;  VERBOSE=1 package-binary-rpm" />
            <CompileFile command="/usr/bin/make -f &quot;/home/lancos/Projects/ponyprog/distribution/posix/Makefile&quot;  VERBOSE=1 &quot;$file&quot;" />
            <Clean command="/usr/bin/make -f &quot;/home/lancos/Projects/ponyprog/distribution/posix/Makefile&quot;  VERBOSE=1 clean" />
            <DistClean command="/usr/bin/make -f &quot;/home/lancos/Projects/ponyprog/distribution/posix/Makefile&quot;  VERBOSE=1 clean" />
         </MakeCommands>
      </Target>
      <Target title="package-binary-tgz">
         <Option working_dir="/home/lancos/Projects/ponyprog/distribution/posix" />
         <Option type="4" />
         <MakeCommands>
            <Build command="/usr/bin/make -f &quot;/home/lancos/Projects/ponyprog/distribution/posix/Makefile&quot;  VERBOSE=1 package-binary-tgz" />
            <CompileFile command="/usr/bin/make -f &quot;/home/lancos/Projects/ponyprog/distribution/posix/Makefile&quot;  VERBOSE=1 &quot;$file&quot;" />
            <Clean command="/usr/bin/make -f &quot;/home/lancos/Projects/ponyprog/distribution/posix/Makefile&quot;  VERBOSE=1 clean" />
            <DistClean command="/usr/bin/make -f &quot;/home/lancos/Projects/ponyprog/distribution/posix/Makefile&quot;  VERBOSE=1 clean" />
         </MakeCommands>
      </Target>
      </Build>
      <Unit filename="/home/lancos/Projects/ponyprog/SrcPony/aboutmdlg.cpp">
         <Option target="ponyprog"/>
      </Unit>
      <Unit filename="/home/lancos/Projects/ponyprog/SrcPony/aboutmdlg.h">
         <Option target="ponyprog"/>
      </Unit>
      <Unit filename="/home/lancos/Projects/ponyprog/SrcPony/at17xxx.cpp">
         <Option target="ponyprog"/>
      </Unit>
      <Unit filename="/home/lancos/Projects/ponyprog/SrcPony/at17xxx.h">
         <Option target="ponyprog"/>
      </Unit>
      <Unit filename="/home/lancos/Projects/ponyprog/SrcPony/at250bus.cpp">
         <Option target="ponyprog"/>
      </Unit>
      <Unit filename="/home/lancos/Projects/ponyprog/SrcPony/at250bus.h">
         <Option target="ponyprog"/>
      </Unit>
      <Unit filename="/home/lancos/Projects/ponyprog/SrcPony/at250bus2.cpp">
         <Option target="ponyprog"/>
      </Unit>
      <Unit filename="/home/lancos/Projects/ponyprog/SrcPony/at250bus2.h">
         <Option target="ponyprog"/>
      </Unit>
      <Unit filename="/home/lancos/Projects/ponyprog/SrcPony/at250xx.cpp">
         <Option target="ponyprog"/>
      </Unit>
      <Unit filename="/home/lancos/Projects/ponyprog/SrcPony/at250xx.h">
         <Option target="ponyprog"/>
      </Unit>
      <Unit filename="/home/lancos/Projects/ponyprog/SrcPony/at25xxx.cpp">
         <Option target="ponyprog"/>
      </Unit>
      <Unit filename="/home/lancos/Projects/ponyprog/SrcPony/at25xxx.h">
         <Option target="ponyprog"/>
      </Unit>
      <Unit filename="/home/lancos/Projects/ponyprog/SrcPony/at89sbus.cpp">
         <Option target="ponyprog"/>
      </Unit>
      <Unit filename="/home/lancos/Projects/ponyprog/SrcPony/at89sbus.h">
         <Option target="ponyprog"/>
      </Unit>
      <Unit filename="/home/lancos/Projects/ponyprog/SrcPony/at89sxx.cpp">
         <Option target="ponyprog"/>
      </Unit>
      <Unit filename="/home/lancos/Projects/ponyprog/SrcPony/at89sxx.h">
         <Option target="ponyprog"/>
      </Unit>
      <Unit filename="/home/lancos/Projects/ponyprog/SrcPony/at90sbus.cpp">
         <Option target="ponyprog"/>
      </Unit>
      <Unit filename="/home/lancos/Projects/ponyprog/SrcPony/at90sbus.h">
         <Option target="ponyprog"/>
      </Unit>
      <Unit filename="/home/lancos/Projects/ponyprog/SrcPony/at90sxx.cpp">
         <Option target="ponyprog"/>
      </Unit>
      <Unit filename="/home/lancos/Projects/ponyprog/SrcPony/at90sxx.h">
         <Option target="ponyprog"/>
      </Unit>
      <Unit filename="/home/lancos/Projects/ponyprog/SrcPony/at93cbus.cpp">
         <Option target="ponyprog"/>
      </Unit>
      <Unit filename="/home/lancos/Projects/ponyprog/SrcPony/at93cbus.h">
         <Option target="ponyprog"/>
      </Unit>
      <Unit filename="/home/lancos/Projects/ponyprog/SrcPony/at93cxx.cpp">
         <Option target="ponyprog"/>
      </Unit>
      <Unit filename="/home/lancos/Projects/ponyprog/SrcPony/at93cxx.h">
         <Option target="ponyprog"/>
      </Unit>
      <Unit filename="/home/lancos/Projects/ponyprog/SrcPony/at93cxx8.cpp">
         <Option target="ponyprog"/>
      </Unit>
      <Unit filename="/home/lancos/Projects/ponyprog/SrcPony/at93cxx8.h">
         <Option target="ponyprog"/>
      </Unit>
      <Unit filename="/home/lancos/Projects/ponyprog/SrcPony/binfbuf.cpp">
         <Option target="ponyprog"/>
      </Unit>
      <Unit filename="/home/lancos/Projects/ponyprog/SrcPony/binfbuf.h">
         <Option target="ponyprog"/>
      </Unit>
      <Unit filename="/home/lancos/Projects/ponyprog/SrcPony/busio.cpp">
         <Option target="ponyprog"/>
      </Unit>
      <Unit filename="/home/lancos/Projects/ponyprog/SrcPony/busio.h">
         <Option target="ponyprog"/>
      </Unit>
      <Unit filename="/home/lancos/Projects/ponyprog/SrcPony/crc.cpp">
         <Option target="ponyprog"/>
      </Unit>
      <Unit filename="/home/lancos/Projects/ponyprog/SrcPony/crc.h">
         <Option target="ponyprog"/>
      </Unit>
      <Unit filename="/home/lancos/Projects/ponyprog/SrcPony/csmfbuf.cpp">
         <Option target="ponyprog"/>
      </Unit>
      <Unit filename="/home/lancos/Projects/ponyprog/SrcPony/csmfbuf.h">
         <Option target="ponyprog"/>
      </Unit>
      <Unit filename="/home/lancos/Projects/ponyprog/SrcPony/device.cpp">
         <Option target="ponyprog"/>
      </Unit>
      <Unit filename="/home/lancos/Projects/ponyprog/SrcPony/device.h">
         <Option target="ponyprog"/>
      </Unit>
      <Unit filename="/home/lancos/Projects/ponyprog/SrcPony/dt006interf.cpp">
         <Option target="ponyprog"/>
      </Unit>
      <Unit filename="/home/lancos/Projects/ponyprog/SrcPony/dt006interf.h">
         <Option target="ponyprog"/>
      </Unit>
      <Unit filename="/home/lancos/Projects/ponyprog/SrcPony/e2401.cpp">
         <Option target="ponyprog"/>
      </Unit>
      <Unit filename="/home/lancos/Projects/ponyprog/SrcPony/e2401.h">
         <Option target="ponyprog"/>
      </Unit>
      <Unit filename="/home/lancos/Projects/ponyprog/SrcPony/e24xx-1.cpp">
         <Option target="ponyprog"/>
      </Unit>
      <Unit filename="/home/lancos/Projects/ponyprog/SrcPony/e24xx-1.h">
         <Option target="ponyprog"/>
      </Unit>
      <Unit filename="/home/lancos/Projects/ponyprog/SrcPony/e24xx-2.cpp">
         <Option target="ponyprog"/>
      </Unit>
      <Unit filename="/home/lancos/Projects/ponyprog/SrcPony/e24xx-2.h">
         <Option target="ponyprog"/>
      </Unit>
      <Unit filename="/home/lancos/Projects/ponyprog/SrcPony/e24xx-5.cpp">
         <Option target="ponyprog"/>
      </Unit>
      <Unit filename="/home/lancos/Projects/ponyprog/SrcPony/e24xx-5.h">
         <Option target="ponyprog"/>
      </Unit>
      <Unit filename="/home/lancos/Projects/ponyprog/SrcPony/e24xx.cpp">
         <Option target="ponyprog"/>
      </Unit>
      <Unit filename="/home/lancos/Projects/ponyprog/SrcPony/e24xx.h">
         <Option target="ponyprog"/>
      </Unit>
      <Unit filename="/home/lancos/Projects/ponyprog/SrcPony/e2app.cpp">
         <Option target="ponyprog"/>
      </Unit>
      <Unit filename="/home/lancos/Projects/ponyprog/SrcPony/e2app.h">
         <Option target="ponyprog"/>
      </Unit>
      <Unit filename="/home/lancos/Projects/ponyprog/SrcPony/e2awinfo.cpp">
         <Option target="ponyprog"/>
      </Unit>
      <Unit filename="/home/lancos/Projects/ponyprog/SrcPony/e2awinfo.h">
         <Option target="ponyprog"/>
      </Unit>
      <Unit filename="/home/lancos/Projects/ponyprog/SrcPony/e2cmdw.cpp">
         <Option target="ponyprog"/>
      </Unit>
      <Unit filename="/home/lancos/Projects/ponyprog/SrcPony/e2cmdw.h">
         <Option target="ponyprog"/>
      </Unit>
      <Unit filename="/home/lancos/Projects/ponyprog/SrcPony/e2dlg.cpp">
         <Option target="ponyprog"/>
      </Unit>
      <Unit filename="/home/lancos/Projects/ponyprog/SrcPony/e2dlg.h">
         <Option target="ponyprog"/>
      </Unit>
      <Unit filename="/home/lancos/Projects/ponyprog/SrcPony/e2pfbuf.cpp">
         <Option target="ponyprog"/>
      </Unit>
      <Unit filename="/home/lancos/Projects/ponyprog/SrcPony/e2pfbuf.h">
         <Option target="ponyprog"/>
      </Unit>
      <Unit filename="/home/lancos/Projects/ponyprog/SrcPony/e2profil.cpp">
         <Option target="ponyprog"/>
      </Unit>
      <Unit filename="/home/lancos/Projects/ponyprog/SrcPony/e2profil.h">
         <Option target="ponyprog"/>
      </Unit>
      <Unit filename="/home/lancos/Projects/ponyprog/SrcPony/easyi2c_interf.cpp">
         <Option target="ponyprog"/>
      </Unit>
      <Unit filename="/home/lancos/Projects/ponyprog/SrcPony/easyi2c_interf.h">
         <Option target="ponyprog"/>
      </Unit>
      <Unit filename="/home/lancos/Projects/ponyprog/SrcPony/eeptypes.cpp">
         <Option target="ponyprog"/>
      </Unit>
      <Unit filename="/home/lancos/Projects/ponyprog/SrcPony/eeptypes.h">
         <Option target="ponyprog"/>
      </Unit>
      <Unit filename="/home/lancos/Projects/ponyprog/SrcPony/filebuf.cpp">
         <Option target="ponyprog"/>
      </Unit>
      <Unit filename="/home/lancos/Projects/ponyprog/SrcPony/filebuf.h">
         <Option target="ponyprog"/>
      </Unit>
      <Unit filename="/home/lancos/Projects/ponyprog/SrcPony/filldlg.cpp">
         <Option target="ponyprog"/>
      </Unit>
      <Unit filename="/home/lancos/Projects/ponyprog/SrcPony/filldlg.h">
         <Option target="ponyprog"/>
      </Unit>
      <Unit filename="/home/lancos/Projects/ponyprog/SrcPony/forms/aboutdlg.ui">
         <Option target="ponyprog"/>
      </Unit>
      <Unit filename="/home/lancos/Projects/ponyprog/SrcPony/forms/blockdlg.ui">
         <Option target="ponyprog"/>
      </Unit>
      <Unit filename="/home/lancos/Projects/ponyprog/SrcPony/forms/e2dlg.ui">
         <Option target="ponyprog"/>
      </Unit>
      <Unit filename="/home/lancos/Projects/ponyprog/SrcPony/forms/editdlg.ui">
         <Option target="ponyprog"/>
      </Unit>
      <Unit filename="/home/lancos/Projects/ponyprog/SrcPony/forms/fusedlg.ui">
         <Option target="ponyprog"/>
      </Unit>
      <Unit filename="/home/lancos/Projects/ponyprog/SrcPony/forms/mainwindow.ui">
         <Option target="ponyprog"/>
      </Unit>
      <Unit filename="/home/lancos/Projects/ponyprog/SrcPony/forms/notesdlg.ui">
         <Option target="ponyprog"/>
      </Unit>
      <Unit filename="/home/lancos/Projects/ponyprog/SrcPony/forms/osccalibr.ui">
         <Option target="ponyprog"/>
      </Unit>
      <Unit filename="/home/lancos/Projects/ponyprog/SrcPony/forms/progoption.ui">
         <Option target="ponyprog"/>
      </Unit>
      <Unit filename="/home/lancos/Projects/ponyprog/SrcPony/forms/sernumcfg.ui">
         <Option target="ponyprog"/>
      </Unit>
      <Unit filename="/home/lancos/Projects/ponyprog/SrcPony/fusemdlg.cpp">
         <Option target="ponyprog"/>
      </Unit>
      <Unit filename="/home/lancos/Projects/ponyprog/SrcPony/fusemdlg.h">
         <Option target="ponyprog"/>
      </Unit>
      <Unit filename="/home/lancos/Projects/ponyprog/SrcPony/i2cbus.cpp">
         <Option target="ponyprog"/>
      </Unit>
      <Unit filename="/home/lancos/Projects/ponyprog/SrcPony/i2cbus.h">
         <Option target="ponyprog"/>
      </Unit>
      <Unit filename="/home/lancos/Projects/ponyprog/SrcPony/imbus.cpp">
         <Option target="ponyprog"/>
      </Unit>
      <Unit filename="/home/lancos/Projects/ponyprog/SrcPony/imbus.h">
         <Option target="ponyprog"/>
      </Unit>
      <Unit filename="/home/lancos/Projects/ponyprog/SrcPony/infomdlg.cpp">
         <Option target="ponyprog"/>
      </Unit>
      <Unit filename="/home/lancos/Projects/ponyprog/SrcPony/infomdlg.h">
         <Option target="ponyprog"/>
      </Unit>
      <Unit filename="/home/lancos/Projects/ponyprog/SrcPony/interfconv.cpp">
         <Option target="ponyprog"/>
      </Unit>
      <Unit filename="/home/lancos/Projects/ponyprog/SrcPony/intfbuf.cpp">
         <Option target="ponyprog"/>
      </Unit>
      <Unit filename="/home/lancos/Projects/ponyprog/SrcPony/intfbuf.h">
         <Option target="ponyprog"/>
      </Unit>
      <Unit filename="/home/lancos/Projects/ponyprog/SrcPony/ispinterf.cpp">
         <Option target="ponyprog"/>
      </Unit>
      <Unit filename="/home/lancos/Projects/ponyprog/SrcPony/ispinterf.h">
         <Option target="ponyprog"/>
      </Unit>
      <Unit filename="/home/lancos/Projects/ponyprog/SrcPony/linuxsysfsint.cpp">
         <Option target="ponyprog"/>
      </Unit>
      <Unit filename="/home/lancos/Projects/ponyprog/SrcPony/linuxsysfsint.h">
         <Option target="ponyprog"/>
      </Unit>
      <Unit filename="/home/lancos/Projects/ponyprog/SrcPony/lpt_ext_interf.cpp">
         <Option target="ponyprog"/>
      </Unit>
      <Unit filename="/home/lancos/Projects/ponyprog/SrcPony/lpt_ext_interf.h">
         <Option target="ponyprog"/>
      </Unit>
      <Unit filename="/home/lancos/Projects/ponyprog/SrcPony/lpt_io_interf.cpp">
         <Option target="ponyprog"/>
      </Unit>
      <Unit filename="/home/lancos/Projects/ponyprog/SrcPony/lpt_io_interf.h">
         <Option target="ponyprog"/>
      </Unit>
      <Unit filename="/home/lancos/Projects/ponyprog/SrcPony/lptinterf.cpp">
         <Option target="ponyprog"/>
      </Unit>
      <Unit filename="/home/lancos/Projects/ponyprog/SrcPony/lptinterf.h">
         <Option target="ponyprog"/>
      </Unit>
      <Unit filename="/home/lancos/Projects/ponyprog/SrcPony/main.cpp">
         <Option target="ponyprog"/>
      </Unit>
      <Unit filename="/home/lancos/Projects/ponyprog/SrcPony/microbus.cpp">
         <Option target="ponyprog"/>
      </Unit>
      <Unit filename="/home/lancos/Projects/ponyprog/SrcPony/microbus.h">
         <Option target="ponyprog"/>
      </Unit>
      <Unit filename="/home/lancos/Projects/ponyprog/SrcPony/motsfbuf.cpp">
         <Option target="ponyprog"/>
      </Unit>
      <Unit filename="/home/lancos/Projects/ponyprog/SrcPony/motsfbuf.h">
         <Option target="ponyprog"/>
      </Unit>
      <Unit filename="/home/lancos/Projects/ponyprog/SrcPony/nvm3060.cpp">
         <Option target="ponyprog"/>
      </Unit>
      <Unit filename="/home/lancos/Projects/ponyprog/SrcPony/nvm3060.h">
         <Option target="ponyprog"/>
      </Unit>
      <Unit filename="/home/lancos/Projects/ponyprog/SrcPony/pgminter.cpp">
         <Option target="ponyprog"/>
      </Unit>
      <Unit filename="/home/lancos/Projects/ponyprog/SrcPony/pgminter.h">
         <Option target="ponyprog"/>
      </Unit>
      <Unit filename="/home/lancos/Projects/ponyprog/SrcPony/pic125xx.cpp">
         <Option target="ponyprog"/>
      </Unit>
      <Unit filename="/home/lancos/Projects/ponyprog/SrcPony/pic125xx.h">
         <Option target="ponyprog"/>
      </Unit>
      <Unit filename="/home/lancos/Projects/ponyprog/SrcPony/pic12bus.cpp">
         <Option target="ponyprog"/>
      </Unit>
      <Unit filename="/home/lancos/Projects/ponyprog/SrcPony/pic12bus.h">
         <Option target="ponyprog"/>
      </Unit>
      <Unit filename="/home/lancos/Projects/ponyprog/SrcPony/pic168xx.cpp">
         <Option target="ponyprog"/>
      </Unit>
      <Unit filename="/home/lancos/Projects/ponyprog/SrcPony/pic168xx.h">
         <Option target="ponyprog"/>
      </Unit>
      <Unit filename="/home/lancos/Projects/ponyprog/SrcPony/pic16xx.cpp">
         <Option target="ponyprog"/>
      </Unit>
      <Unit filename="/home/lancos/Projects/ponyprog/SrcPony/pic16xx.h">
         <Option target="ponyprog"/>
      </Unit>
      <Unit filename="/home/lancos/Projects/ponyprog/SrcPony/picbus.cpp">
         <Option target="ponyprog"/>
      </Unit>
      <Unit filename="/home/lancos/Projects/ponyprog/SrcPony/picbus.h">
         <Option target="ponyprog"/>
      </Unit>
      <Unit filename="/home/lancos/Projects/ponyprog/SrcPony/picbusnew.cpp">
         <Option target="ponyprog"/>
      </Unit>
      <Unit filename="/home/lancos/Projects/ponyprog/SrcPony/picbusnew.h">
         <Option target="ponyprog"/>
      </Unit>
      <Unit filename="/home/lancos/Projects/ponyprog/SrcPony/ponyioint.cpp">
         <Option target="ponyprog"/>
      </Unit>
      <Unit filename="/home/lancos/Projects/ponyprog/SrcPony/ponyioint.h">
         <Option target="ponyprog"/>
      </Unit>
      <Unit filename="/home/lancos/Projects/ponyprog/SrcPony/ponyprog.qrc">
         <Option target="ponyprog"/>
      </Unit>
      <Unit filename="/home/lancos/Projects/ponyprog/SrcPony/portint.cpp">
         <Option target="ponyprog"/>
      </Unit>
      <Unit filename="/home/lancos/Projects/ponyprog/SrcPony/portint.h">
         <Option target="ponyprog"/>
      </Unit>
      <Unit filename="/home/lancos/Projects/ponyprog/SrcPony/progoption.cpp">
         <Option target="ponyprog"/>
      </Unit>
      <Unit filename="/home/lancos/Projects/ponyprog/SrcPony/progoption.h">
         <Option target="ponyprog"/>
      </Unit>
      <Unit filename="/home/lancos/Projects/ponyprog/SrcPony/rs232int.cpp">
         <Option target="ponyprog"/>
      </Unit>
      <Unit filename="/home/lancos/Projects/ponyprog/SrcPony/rs232int.h">
         <Option target="ponyprog"/>
      </Unit>
      <Unit filename="/home/lancos/Projects/ponyprog/SrcPony/sde2506.cpp">
         <Option target="ponyprog"/>
      </Unit>
      <Unit filename="/home/lancos/Projects/ponyprog/SrcPony/sde2506.h">
         <Option target="ponyprog"/>
      </Unit>
      <Unit filename="/home/lancos/Projects/ponyprog/SrcPony/sdebus.cpp">
         <Option target="ponyprog"/>
      </Unit>
      <Unit filename="/home/lancos/Projects/ponyprog/SrcPony/sdebus.h">
         <Option target="ponyprog"/>
      </Unit>
      <Unit filename="/home/lancos/Projects/ponyprog/SrcPony/sernumdlg.cpp">
         <Option target="ponyprog"/>
      </Unit>
      <Unit filename="/home/lancos/Projects/ponyprog/SrcPony/sernumdlg.h">
         <Option target="ponyprog"/>
      </Unit>
      <Unit filename="/home/lancos/Projects/ponyprog/SrcPony/spi-bus.cpp">
         <Option target="ponyprog"/>
      </Unit>
      <Unit filename="/home/lancos/Projects/ponyprog/SrcPony/spi-bus.h">
         <Option target="ponyprog"/>
      </Unit>
      <Unit filename="/home/lancos/Projects/ponyprog/SrcPony/sxbus.cpp">
         <Option target="ponyprog"/>
      </Unit>
      <Unit filename="/home/lancos/Projects/ponyprog/SrcPony/sxbus.h">
         <Option target="ponyprog"/>
      </Unit>
      <Unit filename="/home/lancos/Projects/ponyprog/SrcPony/wait.cpp">
         <Option target="ponyprog"/>
      </Unit>
      <Unit filename="/home/lancos/Projects/ponyprog/SrcPony/wait.h">
         <Option target="ponyprog"/>
      </Unit>
      <Unit filename="/home/lancos/Projects/ponyprog/SrcPony/x2444.cpp">
         <Option target="ponyprog"/>
      </Unit>
      <Unit filename="/home/lancos/Projects/ponyprog/SrcPony/x2444.h">
         <Option target="ponyprog"/>
      </Unit>
      <Unit filename="/home/lancos/Projects/ponyprog/SrcPony/x2444bus.cpp">
         <Option target="ponyprog"/>
      </Unit>
      <Unit filename="/home/lancos/Projects/ponyprog/SrcPony/x2444bus.h">
         <Option target="ponyprog"/>
      </Unit>
      <Unit filename="/home/lancos/Projects/ponyprog/qhexedit2/src/chunks.cpp">
         <Option target="ponyprog"/>
      </Unit>
      <Unit filename="/home/lancos/Projects/ponyprog/qhexedit2/src/chunks.h">
         <Option target="ponyprog"/>
      </Unit>
      <Unit filename="/home/lancos/Projects/ponyprog/qhexedit2/src/commands.cpp">
         <Option target="ponyprog"/>
      </Unit>
      <Unit filename="/home/lancos/Projects/ponyprog/qhexedit2/src/commands.h">
         <Option target="ponyprog"/>
      </Unit>
      <Unit filename="/home/lancos/Projects/ponyprog/qhexedit2/src/qhexedit.cpp">
         <Option target="ponyprog"/>
      </Unit>
      <Unit filename="/home/lancos/Projects/ponyprog/qhexedit2/src/qhexedit.h">
         <Option target="ponyprog"/>
      </Unit>
      <Unit filename="/home/lancos/Projects/ponyprog/CMakeLists.txt">
          <Option virtualFolder="CMake Files\" />
      </Unit>
      <Unit filename="/home/lancos/Projects/ponyprog/cmake/GenerateDEF.cmake">
          <Option virtualFolder="CMake Files\cmake\" />
      </Unit>
      <Unit filename="/home/lancos/Projects/ponyprog/cmake/Dependencies.cmake">
          <Option virtualFolder="CMake Files\cmake\" />
      </Unit>
      <Unit filename="/home/lancos/Projects/ponyprog/cmake/WordSize.cmake">
          <Option virtualFolder="CMake Files\cmake\" />
      </Unit>
      <Unit filename="/home/lancos/Projects/ponyprog/cmake/size_type.cpp">
          <Option virtualFolder="CMake Files\cmake\" />
      </Unit>
      <Unit filename="/home/lancos/Projects/ponyprog/cmake/Compiler.cmake">
          <Option virtualFolder="CMake Files\cmake\" />
      </Unit>
      <Unit filename="/home/lancos/Projects/ponyprog/cmake/SystemConfiguration.cmake">
          <Option virtualFolder="CMake Files\cmake\" />
      </Unit>
      <Unit filename="/home/lancos/Projects/ponyprog/SrcPony/version.h.in">
          <Option virtualFolder="CMake Files\SrcPony\" />
      </Unit>
      <Unit filename="/home/lancos/Projects/ponyprog/SrcPony/ponyprog.qrc">
          <Option virtualFolder="CMake Files\SrcPony\" />
      </Unit>
      <Unit filename="/home/lancos/Projects/ponyprog/SrcPony/CMakeLists.txt">
          <Option virtualFolder="CMake Files\SrcPony\" />
      </Unit>
      <Unit filename="/home/lancos/Projects/ponyprog/qhexedit2/src/CMakeLists.txt">
          <Option virtualFolder="CMake Files\qhexedit2\src\" />
      </Unit>
      <Unit filename="/home/lancos/Projects/ponyprog/distribution/CMakeLists.txt">
          <Option virtualFolder="CMake Files\distribution\" />
      </Unit>
      <Unit filename="/home/lancos/Projects/ponyprog/distribution/posix/CMakeLists.txt">
          <Option virtualFolder="CMake Files\distribution\posix\" />
      </Unit>
      <Unit filename="/home/lancos/Projects/ponyprog/distribution/posix/package-binary-deb.cpack.in">
          <Option virtualFolder="CMake Files\distribution\posix\" />
      </Unit>
      <Unit filename="/home/lancos/Projects/ponyprog/distribution/posix/package-binary-rpm.cpack.in">
          <Option virtualFolder="CMake Files\distribution\posix\" />
      </Unit>
      <Unit filename="/home/lancos/Projects/ponyprog/distribution/posix/package-binary-stgz.cpack.in">
          <Option virtualFolder="CMake Files\distribution\posix\" />
      </Unit>
      <Unit filename="/home/lancos/Projects/ponyprog/distribution/posix/package-binary-tbz2.cpack.in">
          <Option virtualFolder="CMake Files\distribution\posix\" />
      </Unit>
      <Unit filename="/home/lancos/Projects/ponyprog/distribution/posix/package-binary-tgz.cpack.in">
          <Option virtualFolder="CMake Files\distribution\posix\" />
      </Unit>
   </Project>
</CodeBlocks_project_file>
