<?xml version="1.0" encoding="UTF-8" standalone="yes" ?>
<CodeBlocks_project_file>
	<FileVersion major="1" minor="6" />
	<Project>
		<Option title="PonyProg" />
		<Option pch_mode="2" />
		<Option compiler="gcc" />
		<Build>
			<Target title="Debug">
				<Option output="bin/Debug/PonyProg" prefix_auto="1" extension_auto="1" />
				<Option object_output="obj/Debug/" />
				<Option type="0" />
				<Option compiler="gcc" />
				<Compiler>
					<Add option="-O" />
					<Add option="-g" />
				</Compiler>
			</Target>
			<Target title="Release">
				<Option output="bin/Release/PonyProg" prefix_auto="1" extension_auto="1" />
				<Option object_output="obj/Release/" />
				<Option type="1" />
				<Option compiler="gcc" />
				<Compiler>
					<Add option="-O2" />
				</Compiler>
				<Linker>
					<Add option="-s" />
				</Linker>
			</Target>
		</Build>
		<Compiler>
			<Add option="-Wall" />
			<Add option="-fpermissive -Wno-deprecated -Wno-write-strings" />
			<Add option="-D_WINDOWS" />
			<Add option="-DvDEBUG" />
			<Add directory="v/includew" />
		</Compiler>
		<Linker>
			<Add option="-static-libgcc" />
			<Add option="-static-libstdc++" />
			<Add option="-lV" />
			<Add option="-linpout32" />
			<Add option="-lmingw32" />
			<Add option="-lwinmm" />
			<Add option="-mwindows" />
			<Add option="-lcomctl32" />
			<Add directory="." />
			<Add directory="v/lib" />
		</Linker>
		<Unit filename="aboutmdlg.cpp" />
		<Unit filename="aboutmdlg.h" />
		<Unit filename="at17xxx.cpp" />
		<Unit filename="at17xxx.h" />
		<Unit filename="at250bus.cpp" />
		<Unit filename="at250bus.h" />
		<Unit filename="at250bus2.cpp" />
		<Unit filename="at250bus2.h" />
		<Unit filename="at250xx.cpp" />
		<Unit filename="at250xx.h" />
		<Unit filename="at25xxx.cpp" />
		<Unit filename="at25xxx.h" />
		<Unit filename="at89sbus.cpp" />
		<Unit filename="at89sbus.h" />
		<Unit filename="at89sxx.cpp" />
		<Unit filename="at89sxx.h" />
		<Unit filename="at90sbus.cpp" />
		<Unit filename="at90sbus.h" />
		<Unit filename="at90sxx.cpp" />
		<Unit filename="at90sxx.h" />
		<Unit filename="at93cbus.cpp" />
		<Unit filename="at93cbus.h" />
		<Unit filename="at93cxx.cpp" />
		<Unit filename="at93cxx.h" />
		<Unit filename="at93cxx8.cpp" />
		<Unit filename="at93cxx8.h" />
		<Unit filename="binfbuf.cpp" />
		<Unit filename="binfbuf.h" />
		<Unit filename="businter.h" />
		<Unit filename="busio.cpp" />
		<Unit filename="busio.h" />
		<Unit filename="cmdenum.h" />
		<Unit filename="crc.cpp" />
		<Unit filename="crc.h" />
		<Unit filename="csmfbuf.cpp" />
		<Unit filename="csmfbuf.h" />
		<Unit filename="device.cpp" />
		<Unit filename="device.h" />
		<Unit filename="dt006interf.cpp" />
		<Unit filename="dt006interf.h" />
		<Unit filename="e2401.cpp" />
		<Unit filename="e2401.h" />
		<Unit filename="e24xx-1.cpp" />
		<Unit filename="e24xx-1.h" />
		<Unit filename="e24xx-2.cpp" />
		<Unit filename="e24xx-2.h" />
		<Unit filename="e24xx-5.cpp" />
		<Unit filename="e24xx-5.h" />
		<Unit filename="e24xx.cpp" />
		<Unit filename="e24xx.h" />
		<Unit filename="e2app.cpp" />
		<Unit filename="e2app.h" />
		<Unit filename="e2awinfo.cpp" />
		<Unit filename="e2awinfo.h" />
		<Unit filename="e2cmdw.cpp" />
		<Unit filename="e2cmdw.h" />
		<Unit filename="e2cnv.cpp" />
		<Unit filename="e2cnv.h" />
		<Unit filename="e2dlg.cpp" />
		<Unit filename="e2dlg.h" />
		<Unit filename="e2pfbuf.cpp" />
		<Unit filename="e2pfbuf.h" />
		<Unit filename="e2phead.h" />
		<Unit filename="e2profil.cpp" />
		<Unit filename="e2profil.h" />
		<Unit filename="easyi2c_interf.cpp" />
		<Unit filename="easyi2c_interf.h" />
		<Unit filename="eeptypes.cpp" />
		<Unit filename="eeptypes.h" />
		<Unit filename="errcode.h" />
		<Unit filename="filebuf.cpp" />
		<Unit filename="filebuf.h" />
		<Unit filename="filldlg.cpp" />
		<Unit filename="filldlg.h" />
		<Unit filename="fusemdlg.cpp" />
		<Unit filename="fusemdlg.h" />
		<Unit filename="globals.h" />
		<Unit filename="i2cbus.cpp" />
		<Unit filename="i2cbus.h" />
		<Unit filename="icon1.ico" />
		<Unit filename="imbus.cpp" />
		<Unit filename="imbus.h" />
		<Unit filename="infomdlg.cpp" />
		<Unit filename="infomdlg.h" />
		<Unit filename="inpout32.h" />
		<Unit filename="interfconv.cpp" />
		<Unit filename="intfbuf.cpp" />
		<Unit filename="intfbuf.h" />
		<Unit filename="ispinterf.cpp" />
		<Unit filename="ispinterf.h" />
		<Unit filename="jdminter.h" />
		<Unit filename="lpt_ext_interf.cpp" />
		<Unit filename="lpt_ext_interf.h" />
		<Unit filename="lpt_io_interf.cpp" />
		<Unit filename="lpt_io_interf.h" />
		<Unit filename="lptinterf.cpp" />
		<Unit filename="lptinterf.h" />
		<Unit filename="microbus.cpp" />
		<Unit filename="microbus.h" />
		<Unit filename="modaldlg_utilities.cpp" />
		<Unit filename="modaldlg_utilities.h" />
		<Unit filename="motsfbuf.cpp" />
		<Unit filename="motsfbuf.h" />
		<Unit filename="nvm3060.cpp" />
		<Unit filename="nvm3060.h" />
		<Unit filename="pgminter.cpp" />
		<Unit filename="pgminter.h" />
		<Unit filename="pic125xx.cpp" />
		<Unit filename="pic125xx.h" />
		<Unit filename="pic12bus.cpp" />
		<Unit filename="pic12bus.h" />
		<Unit filename="pic168xx.cpp" />
		<Unit filename="pic168xx.h" />
		<Unit filename="pic16xx.cpp" />
		<Unit filename="pic16xx.h" />
		<Unit filename="picbus.cpp" />
		<Unit filename="picbus.h" />
		<Unit filename="picbusnew.cpp" />
		<Unit filename="picbusnew.h" />
		<Unit filename="ponyioint.cpp" />
		<Unit filename="ponyioint.h" />
		<Unit filename="ponyprog.ico" />
		<Unit filename="ponyprog.rc">
			<Option compilerVar="WINDRES" />
		</Unit>
		<Unit filename="portint.cpp" />
		<Unit filename="portint.h" />
		<Unit filename="ppuser.h" />
		<Unit filename="profile.cpp" />
		<Unit filename="profile.h" />
		<Unit filename="progoption.cpp" />
		<Unit filename="progoption.h" />
		<Unit filename="resource.h" />
		<Unit filename="retrymdlg.cpp" />
		<Unit filename="retrymdlg.h" />
		<Unit filename="rs232int.cpp" />
		<Unit filename="rs232int.h" />
		<Unit filename="sde2506.cpp" />
		<Unit filename="sde2506.h" />
		<Unit filename="sdebus.cpp" />
		<Unit filename="sdebus.h" />
		<Unit filename="sernumdlg.cpp" />
		<Unit filename="sernumdlg.h" />
		<Unit filename="spi-bus.cpp" />
		<Unit filename="spi-bus.h" />
		<Unit filename="string_table.h" />
		<Unit filename="sxbus.cpp" />
		<Unit filename="sxbus.h" />
		<Unit filename="types.h" />
		<Unit filename="wait.cpp" />
		<Unit filename="wait.h" />
		<Unit filename="x2444.cpp" />
		<Unit filename="x2444.h" />
		<Unit filename="x2444bus.cpp" />
		<Unit filename="x2444bus.h" />
		<Extensions>
			<code_completion />
			<envvars />
			<debugger />
			<lib_finder disable_auto="1" />
			<DoxyBlocks>
				<comment_style block="0" line="0" />
				<doxyfile_project />
				<doxyfile_build />
				<doxyfile_warnings />
				<doxyfile_output />
				<doxyfile_dot />
				<general />
			</DoxyBlocks>
		</Extensions>
	</Project>
</CodeBlocks_project_file>
